// !$*UTF8*$!
{
	archiveVersion = 1;
	classes = {
	};
	objectVersion = 50;
	objects = {

/* Begin PBXBuildFile section */
		48DB74932562481100EAD9E5 /* AppDelegate.swift in Sources */ = {isa = PBXBuildFile; fileRef = 48DB74922562481100EAD9E5 /* AppDelegate.swift */; };
		48DB74972562481A00EAD9E5 /* Assets.xcassets in Resources */ = {isa = PBXBuildFile; fileRef = 48DB74962562481A00EAD9E5 /* Assets.xcassets */; };
		48DB749A2562481A00EAD9E5 /* Preview Assets.xcassets in Resources */ = {isa = PBXBuildFile; fileRef = 48DB74992562481A00EAD9E5 /* Preview Assets.xcassets */; };
		48DB749D2562481A00EAD9E5 /* Main.storyboard in Resources */ = {isa = PBXBuildFile; fileRef = 48DB749B2562481A00EAD9E5 /* Main.storyboard */; };
		48DB74A82562485600EAD9E5 /* OptionalTextField.swift in Sources */ = {isa = PBXBuildFile; fileRef = 48DB74A62562485600EAD9E5 /* OptionalTextField.swift */; };
		48DB74A92562485600EAD9E5 /* PropertyLoopable.swift in Sources */ = {isa = PBXBuildFile; fileRef = 48DB74A72562485600EAD9E5 /* PropertyLoopable.swift */; };
		48DB74C5256248E500EAD9E5 /* UserData.swift in Sources */ = {isa = PBXBuildFile; fileRef = 48DB74AB256248E500EAD9E5 /* UserData.swift */; };
		48DB74C6256248E500EAD9E5 /* TabsAndNaviTabs.swift in Sources */ = {isa = PBXBuildFile; fileRef = 48DB74AE256248E500EAD9E5 /* TabsAndNaviTabs.swift */; };
		48DB74C7256248E500EAD9E5 /* TabsAndNaviDetails.swift in Sources */ = {isa = PBXBuildFile; fileRef = 48DB74AF256248E500EAD9E5 /* TabsAndNaviDetails.swift */; };
		48DB74C8256248E500EAD9E5 /* NaviAndDetails.swift in Sources */ = {isa = PBXBuildFile; fileRef = 48DB74B0256248E500EAD9E5 /* NaviAndDetails.swift */; };
		48DB74C9256248E500EAD9E5 /* NaviAndTabs.swift in Sources */ = {isa = PBXBuildFile; fileRef = 48DB74B1256248E500EAD9E5 /* NaviAndTabs.swift */; };
		48DB74CA256248E500EAD9E5 /* ElementView.swift in Sources */ = {isa = PBXBuildFile; fileRef = 48DB74B3256248E500EAD9E5 /* ElementView.swift */; };
		48DB74CB256248E500EAD9E5 /* ElementTab.swift in Sources */ = {isa = PBXBuildFile; fileRef = 48DB74B4256248E500EAD9E5 /* ElementTab.swift */; };
		48DB74CC256248E500EAD9E5 /* ElementMain.swift in Sources */ = {isa = PBXBuildFile; fileRef = 48DB74B6256248E500EAD9E5 /* ElementMain.swift */; };
		48DB74CD256248E500EAD9E5 /* MainView.swift in Sources */ = {isa = PBXBuildFile; fileRef = 48DB74B7256248E500EAD9E5 /* MainView.swift */; };
		48DB74CE256248E500EAD9E5 /* IndicatorMain.swift in Sources */ = {isa = PBXBuildFile; fileRef = 48DB74B8256248E500EAD9E5 /* IndicatorMain.swift */; };
		48DB74CF256248E500EAD9E5 /* ContentView.swift in Sources */ = {isa = PBXBuildFile; fileRef = 48DB74BA256248E500EAD9E5 /* ContentView.swift */; };
		48DB74D0256248E500EAD9E5 /* NavigationTab.swift in Sources */ = {isa = PBXBuildFile; fileRef = 48DB74BC256248E500EAD9E5 /* NavigationTab.swift */; };
		48DB74D1256248E500EAD9E5 /* NavigationPrimary.swift in Sources */ = {isa = PBXBuildFile; fileRef = 48DB74BD256248E500EAD9E5 /* NavigationPrimary.swift */; };
		48DB74D2256248E500EAD9E5 /* ElementRow.swift in Sources */ = {isa = PBXBuildFile; fileRef = 48DB74BE256248E500EAD9E5 /* ElementRow.swift */; };
		48DB74D3256248E500EAD9E5 /* ElementList.swift in Sources */ = {isa = PBXBuildFile; fileRef = 48DB74BF256248E500EAD9E5 /* ElementList.swift */; };
		48DB74D4256248E500EAD9E5 /* LabeledTextField.swift in Sources */ = {isa = PBXBuildFile; fileRef = 48DB74C0256248E500EAD9E5 /* LabeledTextField.swift */; };
		48DB74D5256248E500EAD9E5 /* Dimension.swift in Sources */ = {isa = PBXBuildFile; fileRef = 48DB74C2256248E500EAD9E5 /* Dimension.swift */; };
		48DB74D6256248E500EAD9E5 /* EvalIndicator.swift in Sources */ = {isa = PBXBuildFile; fileRef = 48DB74C3256248E500EAD9E5 /* EvalIndicator.swift */; };
		48DB74D7256248E500EAD9E5 /* NamedEntity.swift in Sources */ = {isa = PBXBuildFile; fileRef = 48DB74C4256248E500EAD9E5 /* NamedEntity.swift */; };
/* End PBXBuildFile section */

/* Begin PBXFileReference section */
		48DB748F2562481100EAD9E5 /* CommonTemplate.app */ = {isa = PBXFileReference; explicitFileType = wrapper.application; includeInIndex = 0; path = CommonTemplate.app; sourceTree = BUILT_PRODUCTS_DIR; };
		48DB74922562481100EAD9E5 /* AppDelegate.swift */ = {isa = PBXFileReference; lastKnownFileType = sourcecode.swift; path = AppDelegate.swift; sourceTree = "<group>"; };
		48DB74962562481A00EAD9E5 /* Assets.xcassets */ = {isa = PBXFileReference; lastKnownFileType = folder.assetcatalog; path = Assets.xcassets; sourceTree = "<group>"; };
		48DB74992562481A00EAD9E5 /* Preview Assets.xcassets */ = {isa = PBXFileReference; lastKnownFileType = folder.assetcatalog; path = "Preview Assets.xcassets"; sourceTree = "<group>"; };
		48DB749C2562481A00EAD9E5 /* Base */ = {isa = PBXFileReference; lastKnownFileType = file.storyboard; name = Base; path = Base.lproj/Main.storyboard; sourceTree = "<group>"; };
		48DB749E2562481A00EAD9E5 /* Info.plist */ = {isa = PBXFileReference; lastKnownFileType = text.plist.xml; path = Info.plist; sourceTree = "<group>"; };
		48DB749F2562481A00EAD9E5 /* CommonTemplate.entitlements */ = {isa = PBXFileReference; lastKnownFileType = text.plist.entitlements; path = CommonTemplate.entitlements; sourceTree = "<group>"; };
		48DB74A62562485600EAD9E5 /* OptionalTextField.swift */ = {isa = PBXFileReference; fileEncoding = 4; lastKnownFileType = sourcecode.swift; path = OptionalTextField.swift; sourceTree = "<group>"; };
		48DB74A72562485600EAD9E5 /* PropertyLoopable.swift */ = {isa = PBXFileReference; fileEncoding = 4; lastKnownFileType = sourcecode.swift; path = PropertyLoopable.swift; sourceTree = "<group>"; };
		48DB74AB256248E500EAD9E5 /* UserData.swift */ = {isa = PBXFileReference; fileEncoding = 4; lastKnownFileType = sourcecode.swift; path = UserData.swift; sourceTree = "<group>"; };
		48DB74AE256248E500EAD9E5 /* TabsAndNaviTabs.swift */ = {isa = PBXFileReference; fileEncoding = 4; lastKnownFileType = sourcecode.swift; path = TabsAndNaviTabs.swift; sourceTree = "<group>"; };
		48DB74AF256248E500EAD9E5 /* TabsAndNaviDetails.swift */ = {isa = PBXFileReference; fileEncoding = 4; lastKnownFileType = sourcecode.swift; path = TabsAndNaviDetails.swift; sourceTree = "<group>"; };
		48DB74B0256248E500EAD9E5 /* NaviAndDetails.swift */ = {isa = PBXFileReference; fileEncoding = 4; lastKnownFileType = sourcecode.swift; path = NaviAndDetails.swift; sourceTree = "<group>"; };
		48DB74B1256248E500EAD9E5 /* NaviAndTabs.swift */ = {isa = PBXFileReference; fileEncoding = 4; lastKnownFileType = sourcecode.swift; path = NaviAndTabs.swift; sourceTree = "<group>"; };
		48DB74B3256248E500EAD9E5 /* ElementView.swift */ = {isa = PBXFileReference; fileEncoding = 4; lastKnownFileType = sourcecode.swift; path = ElementView.swift; sourceTree = "<group>"; };
		48DB74B4256248E500EAD9E5 /* ElementTab.swift */ = {isa = PBXFileReference; fileEncoding = 4; lastKnownFileType = sourcecode.swift; path = ElementTab.swift; sourceTree = "<group>"; };
		48DB74B6256248E500EAD9E5 /* ElementMain.swift */ = {isa = PBXFileReference; fileEncoding = 4; lastKnownFileType = sourcecode.swift; path = ElementMain.swift; sourceTree = "<group>"; };
		48DB74B7256248E500EAD9E5 /* MainView.swift */ = {isa = PBXFileReference; fileEncoding = 4; lastKnownFileType = sourcecode.swift; path = MainView.swift; sourceTree = "<group>"; };
		48DB74B8256248E500EAD9E5 /* IndicatorMain.swift */ = {isa = PBXFileReference; fileEncoding = 4; lastKnownFileType = sourcecode.swift; path = IndicatorMain.swift; sourceTree = "<group>"; };
		48DB74BA256248E500EAD9E5 /* ContentView.swift */ = {isa = PBXFileReference; fileEncoding = 4; lastKnownFileType = sourcecode.swift; path = ContentView.swift; sourceTree = "<group>"; };
		48DB74BC256248E500EAD9E5 /* NavigationTab.swift */ = {isa = PBXFileReference; fileEncoding = 4; lastKnownFileType = sourcecode.swift; path = NavigationTab.swift; sourceTree = "<group>"; };
		48DB74BD256248E500EAD9E5 /* NavigationPrimary.swift */ = {isa = PBXFileReference; fileEncoding = 4; lastKnownFileType = sourcecode.swift; path = NavigationPrimary.swift; sourceTree = "<group>"; };
		48DB74BE256248E500EAD9E5 /* ElementRow.swift */ = {isa = PBXFileReference; fileEncoding = 4; lastKnownFileType = sourcecode.swift; path = ElementRow.swift; sourceTree = "<group>"; };
		48DB74BF256248E500EAD9E5 /* ElementList.swift */ = {isa = PBXFileReference; fileEncoding = 4; lastKnownFileType = sourcecode.swift; path = ElementList.swift; sourceTree = "<group>"; };
		48DB74C0256248E500EAD9E5 /* LabeledTextField.swift */ = {isa = PBXFileReference; fileEncoding = 4; lastKnownFileType = sourcecode.swift; path = LabeledTextField.swift; sourceTree = "<group>"; };
		48DB74C2256248E500EAD9E5 /* Dimension.swift */ = {isa = PBXFileReference; fileEncoding = 4; lastKnownFileType = sourcecode.swift; path = Dimension.swift; sourceTree = "<group>"; };
		48DB74C3256248E500EAD9E5 /* EvalIndicator.swift */ = {isa = PBXFileReference; fileEncoding = 4; lastKnownFileType = sourcecode.swift; path = EvalIndicator.swift; sourceTree = "<group>"; };
		48DB74C4256248E500EAD9E5 /* NamedEntity.swift */ = {isa = PBXFileReference; fileEncoding = 4; lastKnownFileType = sourcecode.swift; path = NamedEntity.swift; sourceTree = "<group>"; };
		48DB74D825624DCA00EAD9E5 /* README.md */ = {isa = PBXFileReference; lastKnownFileType = net.daringfireball.markdown; path = README.md; sourceTree = "<group>"; };
/* End PBXFileReference section */

/* Begin PBXFrameworksBuildPhase section */
		48DB748C2562481000EAD9E5 /* Frameworks */ = {
			isa = PBXFrameworksBuildPhase;
			buildActionMask = 2147483647;
			files = (
			);
			runOnlyForDeploymentPostprocessing = 0;
		};
/* End PBXFrameworksBuildPhase section */

/* Begin PBXGroup section */
		48DB74862562481000EAD9E5 = {
			isa = PBXGroup;
			children = (
				48DB74D825624DCA00EAD9E5 /* README.md */,
				48DB74912562481100EAD9E5 /* CommonTemplate */,
				48DB74902562481100EAD9E5 /* Products */,
			);
			sourceTree = "<group>";
		};
		48DB74902562481100EAD9E5 /* Products */ = {
			isa = PBXGroup;
			children = (
				48DB748F2562481100EAD9E5 /* CommonTemplate.app */,
			);
			name = Products;
			sourceTree = "<group>";
		};
		48DB74912562481100EAD9E5 /* CommonTemplate */ = {
			isa = PBXGroup;
			children = (
				48DB74AC256248E500EAD9E5 /* View */,
				48DB74AA256248E500EAD9E5 /* View Model */,
				48DB74C1256248E500EAD9E5 /* Model */,
				48DB74A52562485600EAD9E5 /* Extension */,
				48DB74922562481100EAD9E5 /* AppDelegate.swift */,
				48DB74962562481A00EAD9E5 /* Assets.xcassets */,
				48DB749B2562481A00EAD9E5 /* Main.storyboard */,
				48DB749E2562481A00EAD9E5 /* Info.plist */,
				48DB749F2562481A00EAD9E5 /* CommonTemplate.entitlements */,
				48DB74982562481A00EAD9E5 /* Preview Content */,
			);
			path = CommonTemplate;
			sourceTree = "<group>";
		};
		48DB74982562481A00EAD9E5 /* Preview Content */ = {
			isa = PBXGroup;
			children = (
				48DB74992562481A00EAD9E5 /* Preview Assets.xcassets */,
			);
			path = "Preview Content";
			sourceTree = "<group>";
		};
		48DB74A52562485600EAD9E5 /* Extension */ = {
			isa = PBXGroup;
			children = (
				48DB74A62562485600EAD9E5 /* OptionalTextField.swift */,
				48DB74A72562485600EAD9E5 /* PropertyLoopable.swift */,
			);
			path = Extension;
			sourceTree = "<group>";
		};
		48DB74AA256248E500EAD9E5 /* View Model */ = {
			isa = PBXGroup;
			children = (
				48DB74AB256248E500EAD9E5 /* UserData.swift */,
			);
			path = "View Model";
			sourceTree = "<group>";
		};
		48DB74AC256248E500EAD9E5 /* View */ = {
			isa = PBXGroup;
			children = (
				48DB74AD256248E500EAD9E5 /* Sample View */,
				48DB74B2256248E500EAD9E5 /* Details */,
				48DB74B5256248E500EAD9E5 /* Instance View */,
				48DB74B9256248E500EAD9E5 /* Main View */,
				48DB74BB256248E500EAD9E5 /* NavigationSider */,
				48DB74C0256248E500EAD9E5 /* LabeledTextField.swift */,
			);
			path = View;
			sourceTree = "<group>";
		};
		48DB74AD256248E500EAD9E5 /* Sample View */ = {
			isa = PBXGroup;
			children = (
				48DB74AE256248E500EAD9E5 /* TabsAndNaviTabs.swift */,
				48DB74AF256248E500EAD9E5 /* TabsAndNaviDetails.swift */,
				48DB74B0256248E500EAD9E5 /* NaviAndDetails.swift */,
				48DB74B1256248E500EAD9E5 /* NaviAndTabs.swift */,
			);
			path = "Sample View";
			sourceTree = "<group>";
		};
		48DB74B2256248E500EAD9E5 /* Details */ = {
			isa = PBXGroup;
			children = (
				48DB74B3256248E500EAD9E5 /* ElementView.swift */,
				48DB74B4256248E500EAD9E5 /* ElementTab.swift */,
			);
			path = Details;
			sourceTree = "<group>";
		};
		48DB74B5256248E500EAD9E5 /* Instance View */ = {
			isa = PBXGroup;
			children = (
				48DB74B6256248E500EAD9E5 /* ElementMain.swift */,
				48DB74B7256248E500EAD9E5 /* MainView.swift */,
				48DB74B8256248E500EAD9E5 /* IndicatorMain.swift */,
			);
			path = "Instance View";
			sourceTree = "<group>";
		};
		48DB74B9256248E500EAD9E5 /* Main View */ = {
			isa = PBXGroup;
			children = (
				48DB74BA256248E500EAD9E5 /* ContentView.swift */,
			);
			path = "Main View";
			sourceTree = "<group>";
		};
		48DB74BB256248E500EAD9E5 /* NavigationSider */ = {
			isa = PBXGroup;
			children = (
				48DB74BC256248E500EAD9E5 /* NavigationTab.swift */,
				48DB74BD256248E500EAD9E5 /* NavigationPrimary.swift */,
				48DB74BE256248E500EAD9E5 /* ElementRow.swift */,
				48DB74BF256248E500EAD9E5 /* ElementList.swift */,
			);
			path = NavigationSider;
			sourceTree = "<group>";
		};
		48DB74C1256248E500EAD9E5 /* Model */ = {
			isa = PBXGroup;
			children = (
				48DB74C2256248E500EAD9E5 /* Dimension.swift */,
				48DB74C3256248E500EAD9E5 /* EvalIndicator.swift */,
				48DB74C4256248E500EAD9E5 /* NamedEntity.swift */,
			);
			path = Model;
			sourceTree = "<group>";
		};
/* End PBXGroup section */

/* Begin PBXNativeTarget section */
		48DB748E2562481000EAD9E5 /* CommonTemplate */ = {
			isa = PBXNativeTarget;
			buildConfigurationList = 48DB74A22562481A00EAD9E5 /* Build configuration list for PBXNativeTarget "CommonTemplate" */;
			buildPhases = (
				48DB748B2562481000EAD9E5 /* Sources */,
				48DB748C2562481000EAD9E5 /* Frameworks */,
				48DB748D2562481000EAD9E5 /* Resources */,
			);
			buildRules = (
			);
			dependencies = (
			);
			name = CommonTemplate;
			productName = CommonTemplate;
			productReference = 48DB748F2562481100EAD9E5 /* CommonTemplate.app */;
			productType = "com.apple.product-type.application";
		};
/* End PBXNativeTarget section */

/* Begin PBXProject section */
		48DB74872562481000EAD9E5 /* Project object */ = {
			isa = PBXProject;
			attributes = {
				LastSwiftUpdateCheck = 1170;
				LastUpgradeCheck = 1170;
				ORGANIZATIONNAME = ssl;
				TargetAttributes = {
					48DB748E2562481000EAD9E5 = {
						CreatedOnToolsVersion = 11.7;
					};
				};
			};
			buildConfigurationList = 48DB748A2562481000EAD9E5 /* Build configuration list for PBXProject "CommonTemplate" */;
			compatibilityVersion = "Xcode 9.3";
			developmentRegion = en;
			hasScannedForEncodings = 0;
			knownRegions = (
				en,
				Base,
			);
			mainGroup = 48DB74862562481000EAD9E5;
			productRefGroup = 48DB74902562481100EAD9E5 /* Products */;
			projectDirPath = "";
			projectRoot = "";
			targets = (
				48DB748E2562481000EAD9E5 /* CommonTemplate */,
			);
		};
/* End PBXProject section */

/* Begin PBXResourcesBuildPhase section */
		48DB748D2562481000EAD9E5 /* Resources */ = {
			isa = PBXResourcesBuildPhase;
			buildActionMask = 2147483647;
			files = (
				48DB749D2562481A00EAD9E5 /* Main.storyboard in Resources */,
				48DB749A2562481A00EAD9E5 /* Preview Assets.xcassets in Resources */,
				48DB74972562481A00EAD9E5 /* Assets.xcassets in Resources */,
			);
			runOnlyForDeploymentPostprocessing = 0;
		};
/* End PBXResourcesBuildPhase section */

/* Begin PBXSourcesBuildPhase section */
		48DB748B2562481000EAD9E5 /* Sources */ = {
			isa = PBXSourcesBuildPhase;
			buildActionMask = 2147483647;
			files = (
				48DB74CE256248E500EAD9E5 /* IndicatorMain.swift in Sources */,
				48DB74A92562485600EAD9E5 /* PropertyLoopable.swift in Sources */,
				48DB74D7256248E500EAD9E5 /* NamedEntity.swift in Sources */,
				48DB74D1256248E500EAD9E5 /* NavigationPrimary.swift in Sources */,
				48DB74D2256248E500EAD9E5 /* ElementRow.swift in Sources */,
				48DB74CD256248E500EAD9E5 /* MainView.swift in Sources */,
				48DB74C9256248E500EAD9E5 /* NaviAndTabs.swift in Sources */,
				48DB74A82562485600EAD9E5 /* OptionalTextField.swift in Sources */,
				48DB74D0256248E500EAD9E5 /* NavigationTab.swift in Sources */,
				48DB74C5256248E500EAD9E5 /* UserData.swift in Sources */,
				48DB74C7256248E500EAD9E5 /* TabsAndNaviDetails.swift in Sources */,
				48DB74D5256248E500EAD9E5 /* Dimension.swift in Sources */,
				48DB74932562481100EAD9E5 /* AppDelegate.swift in Sources */,
				48DB74CC256248E500EAD9E5 /* ElementMain.swift in Sources */,
				48DB74CB256248E500EAD9E5 /* ElementTab.swift in Sources */,
				48DB74CF256248E500EAD9E5 /* ContentView.swift in Sources */,
				48DB74D3256248E500EAD9E5 /* ElementList.swift in Sources */,
				48DB74C8256248E500EAD9E5 /* NaviAndDetails.swift in Sources */,
				48DB74C6256248E500EAD9E5 /* TabsAndNaviTabs.swift in Sources */,
				48DB74CA256248E500EAD9E5 /* ElementView.swift in Sources */,
				48DB74D4256248E500EAD9E5 /* LabeledTextField.swift in Sources */,
				48DB74D6256248E500EAD9E5 /* EvalIndicator.swift in Sources */,
			);
			runOnlyForDeploymentPostprocessing = 0;
		};
/* End PBXSourcesBuildPhase section */

/* Begin PBXVariantGroup section */
		48DB749B2562481A00EAD9E5 /* Main.storyboard */ = {
			isa = PBXVariantGroup;
			children = (
				48DB749C2562481A00EAD9E5 /* Base */,
			);
			name = Main.storyboard;
			sourceTree = "<group>";
		};
/* End PBXVariantGroup section */

/* Begin XCBuildConfiguration section */
		48DB74A02562481A00EAD9E5 /* Debug */ = {
			isa = XCBuildConfiguration;
			buildSettings = {
				ALWAYS_SEARCH_USER_PATHS = NO;
				CLANG_ANALYZER_NONNULL = YES;
				CLANG_ANALYZER_NUMBER_OBJECT_CONVERSION = YES_AGGRESSIVE;
				CLANG_CXX_LANGUAGE_STANDARD = "gnu++14";
				CLANG_CXX_LIBRARY = "libc++";
				CLANG_ENABLE_MODULES = YES;
				CLANG_ENABLE_OBJC_ARC = YES;
				CLANG_ENABLE_OBJC_WEAK = YES;
				CLANG_WARN_BLOCK_CAPTURE_AUTORELEASING = YES;
				CLANG_WARN_BOOL_CONVERSION = YES;
				CLANG_WARN_COMMA = YES;
				CLANG_WARN_CONSTANT_CONVERSION = YES;
				CLANG_WARN_DEPRECATED_OBJC_IMPLEMENTATIONS = YES;
				CLANG_WARN_DIRECT_OBJC_ISA_USAGE = YES_ERROR;
				CLANG_WARN_DOCUMENTATION_COMMENTS = YES;
				CLANG_WARN_EMPTY_BODY = YES;
				CLANG_WARN_ENUM_CONVERSION = YES;
				CLANG_WARN_INFINITE_RECURSION = YES;
				CLANG_WARN_INT_CONVERSION = YES;
				CLANG_WARN_NON_LITERAL_NULL_CONVERSION = YES;
				CLANG_WARN_OBJC_IMPLICIT_RETAIN_SELF = YES;
				CLANG_WARN_OBJC_LITERAL_CONVERSION = YES;
				CLANG_WARN_OBJC_ROOT_CLASS = YES_ERROR;
				CLANG_WARN_RANGE_LOOP_ANALYSIS = YES;
				CLANG_WARN_STRICT_PROTOTYPES = YES;
				CLANG_WARN_SUSPICIOUS_MOVE = YES;
				CLANG_WARN_UNGUARDED_AVAILABILITY = YES_AGGRESSIVE;
				CLANG_WARN_UNREACHABLE_CODE = YES;
				CLANG_WARN__DUPLICATE_METHOD_MATCH = YES;
				COPY_PHASE_STRIP = NO;
				DEBUG_INFORMATION_FORMAT = dwarf;
				ENABLE_STRICT_OBJC_MSGSEND = YES;
				ENABLE_TESTABILITY = YES;
				GCC_C_LANGUAGE_STANDARD = gnu11;
				GCC_DYNAMIC_NO_PIC = NO;
				GCC_NO_COMMON_BLOCKS = YES;
				GCC_OPTIMIZATION_LEVEL = 0;
				GCC_PREPROCESSOR_DEFINITIONS = (
					"DEBUG=1",
					"$(inherited)",
				);
				GCC_WARN_64_TO_32_BIT_CONVERSION = YES;
				GCC_WARN_ABOUT_RETURN_TYPE = YES_ERROR;
				GCC_WARN_UNDECLARED_SELECTOR = YES;
				GCC_WARN_UNINITIALIZED_AUTOS = YES_AGGRESSIVE;
				GCC_WARN_UNUSED_FUNCTION = YES;
				GCC_WARN_UNUSED_VARIABLE = YES;
				MACOSX_DEPLOYMENT_TARGET = 10.15;
				MTL_ENABLE_DEBUG_INFO = INCLUDE_SOURCE;
				MTL_FAST_MATH = YES;
				ONLY_ACTIVE_ARCH = YES;
				SDKROOT = macosx;
				SWIFT_ACTIVE_COMPILATION_CONDITIONS = DEBUG;
				SWIFT_OPTIMIZATION_LEVEL = "-Onone";
			};
			name = Debug;
		};
		48DB74A12562481A00EAD9E5 /* Release */ = {
			isa = XCBuildConfiguration;
			buildSettings = {
				ALWAYS_SEARCH_USER_PATHS = NO;
				CLANG_ANALYZER_NONNULL = YES;
				CLANG_ANALYZER_NUMBER_OBJECT_CONVERSION = YES_AGGRESSIVE;
				CLANG_CXX_LANGUAGE_STANDARD = "gnu++14";
				CLANG_CXX_LIBRARY = "libc++";
				CLANG_ENABLE_MODULES = YES;
				CLANG_ENABLE_OBJC_ARC = YES;
				CLANG_ENABLE_OBJC_WEAK = YES;
				CLANG_WARN_BLOCK_CAPTURE_AUTORELEASING = YES;
				CLANG_WARN_BOOL_CONVERSION = YES;
				CLANG_WARN_COMMA = YES;
				CLANG_WARN_CONSTANT_CONVERSION = YES;
				CLANG_WARN_DEPRECATED_OBJC_IMPLEMENTATIONS = YES;
				CLANG_WARN_DIRECT_OBJC_ISA_USAGE = YES_ERROR;
				CLANG_WARN_DOCUMENTATION_COMMENTS = YES;
				CLANG_WARN_EMPTY_BODY = YES;
				CLANG_WARN_ENUM_CONVERSION = YES;
				CLANG_WARN_INFINITE_RECURSION = YES;
				CLANG_WARN_INT_CONVERSION = YES;
				CLANG_WARN_NON_LITERAL_NULL_CONVERSION = YES;
				CLANG_WARN_OBJC_IMPLICIT_RETAIN_SELF = YES;
				CLANG_WARN_OBJC_LITERAL_CONVERSION = YES;
				CLANG_WARN_OBJC_ROOT_CLASS = YES_ERROR;
				CLANG_WARN_RANGE_LOOP_ANALYSIS = YES;
				CLANG_WARN_STRICT_PROTOTYPES = YES;
				CLANG_WARN_SUSPICIOUS_MOVE = YES;
				CLANG_WARN_UNGUARDED_AVAILABILITY = YES_AGGRESSIVE;
				CLANG_WARN_UNREACHABLE_CODE = YES;
				CLANG_WARN__DUPLICATE_METHOD_MATCH = YES;
				COPY_PHASE_STRIP = NO;
				DEBUG_INFORMATION_FORMAT = "dwarf-with-dsym";
				ENABLE_NS_ASSERTIONS = NO;
				ENABLE_STRICT_OBJC_MSGSEND = YES;
				GCC_C_LANGUAGE_STANDARD = gnu11;
				GCC_NO_COMMON_BLOCKS = YES;
				GCC_WARN_64_TO_32_BIT_CONVERSION = YES;
				GCC_WARN_ABOUT_RETURN_TYPE = YES_ERROR;
				GCC_WARN_UNDECLARED_SELECTOR = YES;
				GCC_WARN_UNINITIALIZED_AUTOS = YES_AGGRESSIVE;
				GCC_WARN_UNUSED_FUNCTION = YES;
				GCC_WARN_UNUSED_VARIABLE = YES;
				MACOSX_DEPLOYMENT_TARGET = 10.15;
				MTL_ENABLE_DEBUG_INFO = NO;
				MTL_FAST_MATH = YES;
				SDKROOT = macosx;
				SWIFT_COMPILATION_MODE = wholemodule;
				SWIFT_OPTIMIZATION_LEVEL = "-O";
			};
			name = Release;
		};
		48DB74A32562481A00EAD9E5 /* Debug */ = {
			isa = XCBuildConfiguration;
			buildSettings = {
				ASSETCATALOG_COMPILER_APPICON_NAME = AppIcon;
				CODE_SIGN_ENTITLEMENTS = CommonTemplate/CommonTemplate.entitlements;
				CODE_SIGN_STYLE = Automatic;
				COMBINE_HIDPI_IMAGES = YES;
				DEVELOPMENT_ASSET_PATHS = "\"CommonTemplate/Preview Content\"";
				DEVELOPMENT_TEAM = 25569MM3WJ;
				ENABLE_HARDENED_RUNTIME = YES;
				ENABLE_PREVIEWS = YES;
				INFOPLIST_FILE = CommonTemplate/Info.plist;
				LD_RUNPATH_SEARCH_PATHS = (
					"$(inherited)",
					"@executable_path/../Frameworks",
				);
				MACOSX_DEPLOYMENT_TARGET = 10.15;
				PRODUCT_BUNDLE_IDENTIFIER = io.github.emptist.CommonTemplate;
				PRODUCT_NAME = "$(TARGET_NAME)";
				SWIFT_VERSION = 5.0;
			};
			name = Debug;
		};
		48DB74A42562481A00EAD9E5 /* Release */ = {
			isa = XCBuildConfiguration;
			buildSettings = {
				ASSETCATALOG_COMPILER_APPICON_NAME = AppIcon;
				CODE_SIGN_ENTITLEMENTS = CommonTemplate/CommonTemplate.entitlements;
				CODE_SIGN_STYLE = Automatic;
				COMBINE_HIDPI_IMAGES = YES;
				DEVELOPMENT_ASSET_PATHS = "\"CommonTemplate/Preview Content\"";
				DEVELOPMENT_TEAM = 25569MM3WJ;
				ENABLE_HARDENED_RUNTIME = YES;
				ENABLE_PREVIEWS = YES;
				INFOPLIST_FILE = CommonTemplate/Info.plist;
				LD_RUNPATH_SEARCH_PATHS = (
					"$(inherited)",
					"@executable_path/../Frameworks",
				);
				MACOSX_DEPLOYMENT_TARGET = 10.15;
				PRODUCT_BUNDLE_IDENTIFIER = io.github.emptist.CommonTemplate;
				PRODUCT_NAME = "$(TARGET_NAME)";
				SWIFT_VERSION = 5.0;
			};
			name = Release;
		};
/* End XCBuildConfiguration section */

/* Begin XCConfigurationList section */
		48DB748A2562481000EAD9E5 /* Build configuration list for PBXProject "CommonTemplate" */ = {
			isa = XCConfigurationList;
			buildConfigurations = (
				48DB74A02562481A00EAD9E5 /* Debug */,
				48DB74A12562481A00EAD9E5 /* Release */,
			);
			defaultConfigurationIsVisible = 0;
			defaultConfigurationName = Release;
		};
		48DB74A22562481A00EAD9E5 /* Build configuration list for PBXNativeTarget "CommonTemplate" */ = {
			isa = XCConfigurationList;
			buildConfigurations = (
				48DB74A32562481A00EAD9E5 /* Debug */,
				48DB74A42562481A00EAD9E5 /* Release */,
			);
			defaultConfigurationIsVisible = 0;
			defaultConfigurationName = Release;
		};
/* End XCConfigurationList section */
	};
	rootObject = 48DB74872562481000EAD9E5 /* Project object */;
}
